
Microsoft Visual Studio Solution File, Format Version 12.00
# Visual Studio Version 16
VisualStudioVersion = 16.0.30225.117
MinimumVisualStudioVersion = 10.0.40219.1
Project("{FAE04EC0-301F-11D3-BF4B-00C04F79EFBC}") = "BuyFuture", "BuyFuture\BuyFuture.csproj", "{800CB918-6E00-49F9-B340-98C69300B479}"
EndProject
Global
	GlobalSection(SolutionConfigurationPlatforms) = preSolution
		Debug|Any CPU = Debug|Any CPU
		Release|Any CPU = Release|Any CPU
	EndGlobalSection
	GlobalSection(ProjectConfigurationPlatforms) = postSolution
		{800CB918-6E00-49F9-B340-98C69300B479}.Debug|Any CPU.ActiveCfg = Debug|Any CPU
		{800CB918-6E00-49F9-B340-98C69300B479}.Debug|Any CPU.Build.0 = Debug|Any CPU
		{800CB918-6E00-49F9-B340-98C69300B479}.Release|Any CPU.ActiveCfg = Release|Any CPU
		{800CB918-6E00-49F9-B340-98C69300B479}.Release|Any CPU.Build.0 = Release|Any CPU
	EndGlobalSection
	GlobalSection(SolutionProperties) = preSolution
		HideSolutionNode = FALSE
	EndGlobalSection
	GlobalSection(ExtensibilityGlobals) = postSolution
		SolutionGuid = {E6FF156F-D905-4051-8BF5-B7AFA2C55B4E}
	EndGlobalSection
EndGlobal
